
Microsoft Visual Studio Solution File, Format Version 12.00
# Visual Studio Version 17
VisualStudioVersion = 17.5.33627.172
MinimumVisualStudioVersion = 10.0.40219.1
Project("{FAE04EC0-301F-11D3-BF4B-00C04F79EFBC}") = "URLshotner", "URLshotner\URLshotner.csproj", "{3AE87E0E-52AD-4716-9B57-759BDC80920A}"
EndProject
Global
	GlobalSection(SolutionConfigurationPlatforms) = preSolution
		Debug|Any CPU = Debug|Any CPU
		Release|Any CPU = Release|Any CPU
	EndGlobalSection
	GlobalSection(ProjectConfigurationPlatforms) = postSolution
		{3AE87E0E-52AD-4716-9B57-759BDC80920A}.Debug|Any CPU.ActiveCfg = Debug|Any CPU
		{3AE87E0E-52AD-4716-9B57-759BDC80920A}.Debug|Any CPU.Build.0 = Debug|Any CPU
		{3AE87E0E-52AD-4716-9B57-759BDC80920A}.Release|Any CPU.ActiveCfg = Release|Any CPU
		{3AE87E0E-52AD-4716-9B57-759BDC80920A}.Release|Any CPU.Build.0 = Release|Any CPU
	EndGlobalSection
	GlobalSection(SolutionProperties) = preSolution
		HideSolutionNode = FALSE
	EndGlobalSection
	GlobalSection(ExtensibilityGlobals) = postSolution
		SolutionGuid = {F7B20A22-F091-4C3E-8030-AB73B9AB3122}
	EndGlobalSection
EndGlobal
